
Microsoft Visual Studio Solution File, Format Version 12.00
# Visual Studio Version 16
VisualStudioVersion = 16.0.30503.244
MinimumVisualStudioVersion = 10.0.40219.1
Project("{888888A0-9F3D-457C-B088-3A5042F75D52}") = "AI_Project2", "AI_Project2.pyproj", "{BCEC0256-2B46-4455-8795-E2A968646AFB}"
EndProject
Global
	GlobalSection(SolutionConfigurationPlatforms) = preSolution
		Debug|Any CPU = Debug|Any CPU
		Release|Any CPU = Release|Any CPU
	EndGlobalSection
	GlobalSection(ProjectConfigurationPlatforms) = postSolution
		{BCEC0256-2B46-4455-8795-E2A968646AFB}.Debug|Any CPU.ActiveCfg = Debug|Any CPU
		{BCEC0256-2B46-4455-8795-E2A968646AFB}.Release|Any CPU.ActiveCfg = Release|Any CPU
	EndGlobalSection
	GlobalSection(SolutionProperties) = preSolution
		HideSolutionNode = FALSE
	EndGlobalSection
	GlobalSection(ExtensibilityGlobals) = postSolution
		SolutionGuid = {D8DCA24E-7021-464A-BB33-4702D8D34AF7}
	EndGlobalSection
EndGlobal
